
Microsoft Visual Studio Solution File, Format Version 12.00
# Visual Studio Version 17
VisualStudioVersion = 17.0.31903.59
MinimumVisualStudioVersion = 10.0.40219.1
Project("{2150E333-8FDC-42A3-9474-1A3956D46DE8}") = "src", "src", "{827E0CD3-B72D-47B6-A68D-7590B98EB39B}"
EndProject
Project("{FAE04EC0-301F-11D3-BF4B-00C04F79EFBC}") = "Moongazing.Orion.Abstractions", "src\Moongazing.Orion.Abstractions\Moongazing.Orion.Abstractions.csproj", "{A8A3E686-C5AC-41CE-B499-71DF6955AB55}"
EndProject
Project("{FAE04EC0-301F-11D3-BF4B-00C04F79EFBC}") = "Moongazing.Orion.Abstractions.Testing", "src\Moongazing.Orion.Abstractions.Testing\Moongazing.Orion.Abstractions.Testing.csproj", "{C2E602EB-DB0F-4784-9F9A-01600F1F7D97}"
EndProject
Project("{2150E333-8FDC-42A3-9474-1A3956D46DE8}") = "tests", "tests", "{0AB3BF05-4346-4AA6-1389-037BE0695223}"
EndProject
Project("{FAE04EC0-301F-11D3-BF4B-00C04F79EFBC}") = "Moongazing.Orion.Abstractions.Tests", "tests\Moongazing.Orion.Abstractions.Tests\Moongazing.Orion.Abstractions.Tests.csproj", "{361E725E-42D0-44F9-82CC-B9CAA6953967}"
EndProject
Global
	GlobalSection(SolutionConfigurationPlatforms) = preSolution
		Debug|Any CPU = Debug|Any CPU
		Debug|x64 = Debug|x64
		Debug|x86 = Debug|x86
		Release|Any CPU = Release|Any CPU
		Release|x64 = Release|x64
		Release|x86 = Release|x86
	EndGlobalSection
	GlobalSection(ProjectConfigurationPlatforms) = postSolution
		{A8A3E686-C5AC-41CE-B499-71DF6955AB55}.Debug|Any CPU.ActiveCfg = Debug|Any CPU
		{A8A3E686-C5AC-41CE-B499-71DF6955AB55}.Debug|Any CPU.Build.0 = Debug|Any CPU
		{A8A3E686-C5AC-41CE-B499-71DF6955AB55}.Debug|x64.ActiveCfg = Debug|Any CPU
		{A8A3E686-C5AC-41CE-B499-71DF6955AB55}.Debug|x64.Build.0 = Debug|Any CPU
		{A8A3E686-C5AC-41CE-B499-71DF6955AB55}.Debug|x86.ActiveCfg = Debug|Any CPU
		{A8A3E686-C5AC-41CE-B499-71DF6955AB55}.Debug|x86.Build.0 = Debug|Any CPU
		{A8A3E686-C5AC-41CE-B499-71DF6955AB55}.Release|Any CPU.ActiveCfg = Release|Any CPU
		{A8A3E686-C5AC-41CE-B499-71DF6955AB55}.Release|Any CPU.Build.0 = Release|Any CPU
		{A8A3E686-C5AC-41CE-B499-71DF6955AB55}.Release|x64.ActiveCfg = Release|Any CPU
		{A8A3E686-C5AC-41CE-B499-71DF6955AB55}.Release|x64.Build.0 = Release|Any CPU
		{A8A3E686-C5AC-41CE-B499-71DF6955AB55}.Release|x86.ActiveCfg = Release|Any CPU
		{A8A3E686-C5AC-41CE-B499-71DF6955AB55}.Release|x86.Build.0 = Release|Any CPU
		{C2E602EB-DB0F-4784-9F9A-01600F1F7D97}.Debug|Any CPU.ActiveCfg = Debug|Any CPU
		{C2E602EB-DB0F-4784-9F9A-01600F1F7D97}.Debug|Any CPU.Build.0 = Debug|Any CPU
		{C2E602EB-DB0F-4784-9F9A-01600F1F7D97}.Debug|x64.ActiveCfg = Debug|Any CPU
		{C2E602EB-DB0F-4784-9F9A-01600F1F7D97}.Debug|x64.Build.0 = Debug|Any CPU
		{C2E602EB-DB0F-4784-9F9A-01600F1F7D97}.Debug|x86.ActiveCfg = Debug|Any CPU
		{C2E602EB-DB0F-4784-9F9A-01600F1F7D97}.Debug|x86.Build.0 = Debug|Any CPU
		{C2E602EB-DB0F-4784-9F9A-01600F1F7D97}.Release|Any CPU.ActiveCfg = Release|Any CPU
		{C2E602EB-DB0F-4784-9F9A-01600F1F7D97}.Release|Any CPU.Build.0 = Release|Any CPU
		{C2E602EB-DB0F-4784-9F9A-01600F1F7D97}.Release|x64.ActiveCfg = Release|Any CPU
		{C2E602EB-DB0F-4784-9F9A-01600F1F7D97}.Release|x64.Build.0 = Release|Any CPU
		{C2E602EB-DB0F-4784-9F9A-01600F1F7D97}.Release|x86.ActiveCfg = Release|Any CPU
		{C2E602EB-DB0F-4784-9F9A-01600F1F7D97}.Release|x86.Build.0 = Release|Any CPU
		{361E725E-42D0-44F9-82CC-B9CAA6953967}.Debug|Any CPU.ActiveCfg = Debug|Any CPU
		{361E725E-42D0-44F9-82CC-B9CAA6953967}.Debug|Any CPU.Build.0 = Debug|Any CPU
		{361E725E-42D0-44F9-82CC-B9CAA6953967}.Debug|x64.ActiveCfg = Debug|Any CPU
		{361E725E-42D0-44F9-82CC-B9CAA6953967}.Debug|x64.Build.0 = Debug|Any CPU
		{361E725E-42D0-44F9-82CC-B9CAA6953967}.Debug|x86.ActiveCfg = Debug|Any CPU
		{361E725E-42D0-44F9-82CC-B9CAA6953967}.Debug|x86.Build.0 = Debug|Any CPU
		{361E725E-42D0-44F9-82CC-B9CAA6953967}.Release|Any CPU.ActiveCfg = Release|Any CPU
		{361E725E-42D0-44F9-82CC-B9CAA6953967}.Release|Any CPU.Build.0 = Release|Any CPU
		{361E725E-42D0-44F9-82CC-B9CAA6953967}.Release|x64.ActiveCfg = Release|Any CPU
		{361E725E-42D0-44F9-82CC-B9CAA6953967}.Release|x64.Build.0 = Release|Any CPU
		{361E725E-42D0-44F9-82CC-B9CAA6953967}.Release|x86.ActiveCfg = Release|Any CPU
		{361E725E-42D0-44F9-82CC-B9CAA6953967}.Release|x86.Build.0 = Release|Any CPU
	EndGlobalSection
	GlobalSection(SolutionProperties) = preSolution
		HideSolutionNode = FALSE
	EndGlobalSection
	GlobalSection(NestedProjects) = preSolution
		{A8A3E686-C5AC-41CE-B499-71DF6955AB55} = {827E0CD3-B72D-47B6-A68D-7590B98EB39B}
		{C2E602EB-DB0F-4784-9F9A-01600F1F7D97} = {827E0CD3-B72D-47B6-A68D-7590B98EB39B}
		{361E725E-42D0-44F9-82CC-B9CAA6953967} = {0AB3BF05-4346-4AA6-1389-037BE0695223}
	EndGlobalSection
EndGlobal
